
Microsoft Visual Studio Solution File, Format Version 12.00
# Visual Studio Version 17
VisualStudioVersion = 17.14.37027.9 d17.14
MinimumVisualStudioVersion = 10.0.40219.1
Project("{FAE04EC0-301F-11D3-BF4B-00C04F79EFBC}") = "4.3.8", "4.3.8\4.3.8.csproj", "{FA2706F7-AE33-417F-AF4A-ACFEB60A6A78}"
EndProject
Global
	GlobalSection(SolutionConfigurationPlatforms) = preSolution
		Debug|Any CPU = Debug|Any CPU
		Release|Any CPU = Release|Any CPU
	EndGlobalSection
	GlobalSection(ProjectConfigurationPlatforms) = postSolution
		{FA2706F7-AE33-417F-AF4A-ACFEB60A6A78}.Debug|Any CPU.ActiveCfg = Debug|Any CPU
		{FA2706F7-AE33-417F-AF4A-ACFEB60A6A78}.Debug|Any CPU.Build.0 = Debug|Any CPU
		{FA2706F7-AE33-417F-AF4A-ACFEB60A6A78}.Release|Any CPU.ActiveCfg = Release|Any CPU
		{FA2706F7-AE33-417F-AF4A-ACFEB60A6A78}.Release|Any CPU.Build.0 = Release|Any CPU
	EndGlobalSection
	GlobalSection(SolutionProperties) = preSolution
		HideSolutionNode = FALSE
	EndGlobalSection
	GlobalSection(ExtensibilityGlobals) = postSolution
		SolutionGuid = {75D7362A-4BD8-4F43-BBFF-8BD469051173}
	EndGlobalSection
EndGlobal
