
Microsoft Visual Studio Solution File, Format Version 12.00
# Visual Studio Version 17
VisualStudioVersion = 17.14.37027.9 d17.14
MinimumVisualStudioVersion = 10.0.40219.1
Project("{FAE04EC0-301F-11D3-BF4B-00C04F79EFBC}") = "3.5", "3.5\3.5.csproj", "{F061189C-C10D-4673-A9A6-5456CD80923C}"
EndProject
Global
	GlobalSection(SolutionConfigurationPlatforms) = preSolution
		Debug|Any CPU = Debug|Any CPU
		Release|Any CPU = Release|Any CPU
	EndGlobalSection
	GlobalSection(ProjectConfigurationPlatforms) = postSolution
		{F061189C-C10D-4673-A9A6-5456CD80923C}.Debug|Any CPU.ActiveCfg = Debug|Any CPU
		{F061189C-C10D-4673-A9A6-5456CD80923C}.Debug|Any CPU.Build.0 = Debug|Any CPU
		{F061189C-C10D-4673-A9A6-5456CD80923C}.Release|Any CPU.ActiveCfg = Release|Any CPU
		{F061189C-C10D-4673-A9A6-5456CD80923C}.Release|Any CPU.Build.0 = Release|Any CPU
	EndGlobalSection
	GlobalSection(SolutionProperties) = preSolution
		HideSolutionNode = FALSE
	EndGlobalSection
	GlobalSection(ExtensibilityGlobals) = postSolution
		SolutionGuid = {FDC44D94-87B5-438F-83FA-30A3333B1AD7}
	EndGlobalSection
EndGlobal
