
Microsoft Visual Studio Solution File, Format Version 12.00
# Visual Studio Version 17
VisualStudioVersion = 17.14.37027.9 d17.14
MinimumVisualStudioVersion = 10.0.40219.1
Project("{FAE04EC0-301F-11D3-BF4B-00C04F79EFBC}") = "6.19", "6.19\6.19.csproj", "{5B636B69-7C29-42F9-8596-7C49B2C65D7C}"
EndProject
Global
	GlobalSection(SolutionConfigurationPlatforms) = preSolution
		Debug|Any CPU = Debug|Any CPU
		Release|Any CPU = Release|Any CPU
	EndGlobalSection
	GlobalSection(ProjectConfigurationPlatforms) = postSolution
		{5B636B69-7C29-42F9-8596-7C49B2C65D7C}.Debug|Any CPU.ActiveCfg = Debug|Any CPU
		{5B636B69-7C29-42F9-8596-7C49B2C65D7C}.Debug|Any CPU.Build.0 = Debug|Any CPU
		{5B636B69-7C29-42F9-8596-7C49B2C65D7C}.Release|Any CPU.ActiveCfg = Release|Any CPU
		{5B636B69-7C29-42F9-8596-7C49B2C65D7C}.Release|Any CPU.Build.0 = Release|Any CPU
	EndGlobalSection
	GlobalSection(SolutionProperties) = preSolution
		HideSolutionNode = FALSE
	EndGlobalSection
	GlobalSection(ExtensibilityGlobals) = postSolution
		SolutionGuid = {CA2D1187-44D2-459B-BC6C-3839220B0B2D}
	EndGlobalSection
EndGlobal
