
Microsoft Visual Studio Solution File, Format Version 12.00
# Visual Studio Version 17
VisualStudioVersion = 17.14.37027.9 d17.14
MinimumVisualStudioVersion = 10.0.40219.1
Project("{FAE04EC0-301F-11D3-BF4B-00C04F79EFBC}") = "5.13", "5.13\5.13.csproj", "{428E18FA-B9DD-41C6-9645-2FFD34C8ED79}"
EndProject
Global
	GlobalSection(SolutionConfigurationPlatforms) = preSolution
		Debug|Any CPU = Debug|Any CPU
		Release|Any CPU = Release|Any CPU
	EndGlobalSection
	GlobalSection(ProjectConfigurationPlatforms) = postSolution
		{428E18FA-B9DD-41C6-9645-2FFD34C8ED79}.Debug|Any CPU.ActiveCfg = Debug|Any CPU
		{428E18FA-B9DD-41C6-9645-2FFD34C8ED79}.Debug|Any CPU.Build.0 = Debug|Any CPU
		{428E18FA-B9DD-41C6-9645-2FFD34C8ED79}.Release|Any CPU.ActiveCfg = Release|Any CPU
		{428E18FA-B9DD-41C6-9645-2FFD34C8ED79}.Release|Any CPU.Build.0 = Release|Any CPU
	EndGlobalSection
	GlobalSection(SolutionProperties) = preSolution
		HideSolutionNode = FALSE
	EndGlobalSection
	GlobalSection(ExtensibilityGlobals) = postSolution
		SolutionGuid = {A6CC2F9B-D834-4BCF-A84C-BC0FF2E8F9BC}
	EndGlobalSection
EndGlobal
