
Microsoft Visual Studio Solution File, Format Version 12.00
# Visual Studio Version 17
VisualStudioVersion = 17.14.37027.9 d17.14
MinimumVisualStudioVersion = 10.0.40219.1
Project("{FAE04EC0-301F-11D3-BF4B-00C04F79EFBC}") = "3.7", "3.7\3.7.csproj", "{1886260B-B085-4BC3-A0B6-A37E803E77BC}"
EndProject
Global
	GlobalSection(SolutionConfigurationPlatforms) = preSolution
		Debug|Any CPU = Debug|Any CPU
		Release|Any CPU = Release|Any CPU
	EndGlobalSection
	GlobalSection(ProjectConfigurationPlatforms) = postSolution
		{1886260B-B085-4BC3-A0B6-A37E803E77BC}.Debug|Any CPU.ActiveCfg = Debug|Any CPU
		{1886260B-B085-4BC3-A0B6-A37E803E77BC}.Debug|Any CPU.Build.0 = Debug|Any CPU
		{1886260B-B085-4BC3-A0B6-A37E803E77BC}.Release|Any CPU.ActiveCfg = Release|Any CPU
		{1886260B-B085-4BC3-A0B6-A37E803E77BC}.Release|Any CPU.Build.0 = Release|Any CPU
	EndGlobalSection
	GlobalSection(SolutionProperties) = preSolution
		HideSolutionNode = FALSE
	EndGlobalSection
	GlobalSection(ExtensibilityGlobals) = postSolution
		SolutionGuid = {36E7D727-A135-489C-9C58-9C65B2789F5A}
	EndGlobalSection
EndGlobal
