
Microsoft Visual Studio Solution File, Format Version 12.00
# Visual Studio Version 17
VisualStudioVersion = 17.14.37027.9 d17.14
MinimumVisualStudioVersion = 10.0.40219.1
Project("{FAE04EC0-301F-11D3-BF4B-00C04F79EFBC}") = "3.19", "3.19\3.19.csproj", "{341ACBE3-3697-43AA-B8E2-7D94631F091C}"
EndProject
Global
	GlobalSection(SolutionConfigurationPlatforms) = preSolution
		Debug|Any CPU = Debug|Any CPU
		Release|Any CPU = Release|Any CPU
	EndGlobalSection
	GlobalSection(ProjectConfigurationPlatforms) = postSolution
		{341ACBE3-3697-43AA-B8E2-7D94631F091C}.Debug|Any CPU.ActiveCfg = Debug|Any CPU
		{341ACBE3-3697-43AA-B8E2-7D94631F091C}.Debug|Any CPU.Build.0 = Debug|Any CPU
		{341ACBE3-3697-43AA-B8E2-7D94631F091C}.Release|Any CPU.ActiveCfg = Release|Any CPU
		{341ACBE3-3697-43AA-B8E2-7D94631F091C}.Release|Any CPU.Build.0 = Release|Any CPU
	EndGlobalSection
	GlobalSection(SolutionProperties) = preSolution
		HideSolutionNode = FALSE
	EndGlobalSection
	GlobalSection(ExtensibilityGlobals) = postSolution
		SolutionGuid = {81BCB397-2B21-4298-866C-3A2A04AE0419}
	EndGlobalSection
EndGlobal
