
Microsoft Visual Studio Solution File, Format Version 12.00
# Visual Studio Version 17
VisualStudioVersion = 17.14.37012.4 d17.14
MinimumVisualStudioVersion = 10.0.40219.1
Project("{FAE04EC0-301F-11D3-BF4B-00C04F79EFBC}") = "ConsoleApp3", "ConsoleApp3\ConsoleApp3.csproj", "{F79CA067-B1A7-4F4F-B60E-F2D7DCC6113F}"
EndProject
Global
	GlobalSection(SolutionConfigurationPlatforms) = preSolution
		Debug|Any CPU = Debug|Any CPU
		Release|Any CPU = Release|Any CPU
	EndGlobalSection
	GlobalSection(ProjectConfigurationPlatforms) = postSolution
		{F79CA067-B1A7-4F4F-B60E-F2D7DCC6113F}.Debug|Any CPU.ActiveCfg = Debug|Any CPU
		{F79CA067-B1A7-4F4F-B60E-F2D7DCC6113F}.Debug|Any CPU.Build.0 = Debug|Any CPU
		{F79CA067-B1A7-4F4F-B60E-F2D7DCC6113F}.Release|Any CPU.ActiveCfg = Release|Any CPU
		{F79CA067-B1A7-4F4F-B60E-F2D7DCC6113F}.Release|Any CPU.Build.0 = Release|Any CPU
	EndGlobalSection
	GlobalSection(SolutionProperties) = preSolution
		HideSolutionNode = FALSE
	EndGlobalSection
	GlobalSection(ExtensibilityGlobals) = postSolution
		SolutionGuid = {EE660F61-8F17-4E0D-857C-310729291701}
	EndGlobalSection
EndGlobal
