
Microsoft Visual Studio Solution File, Format Version 12.00
# Visual Studio Version 17
VisualStudioVersion = 17.14.37027.9 d17.14
MinimumVisualStudioVersion = 10.0.40219.1
Project("{FAE04EC0-301F-11D3-BF4B-00C04F79EFBC}") = "3.23", "3.23\3.23.csproj", "{A909FBE8-6987-4D36-9FC0-CB9C8342AE2D}"
EndProject
Global
	GlobalSection(SolutionConfigurationPlatforms) = preSolution
		Debug|Any CPU = Debug|Any CPU
		Release|Any CPU = Release|Any CPU
	EndGlobalSection
	GlobalSection(ProjectConfigurationPlatforms) = postSolution
		{A909FBE8-6987-4D36-9FC0-CB9C8342AE2D}.Debug|Any CPU.ActiveCfg = Debug|Any CPU
		{A909FBE8-6987-4D36-9FC0-CB9C8342AE2D}.Debug|Any CPU.Build.0 = Debug|Any CPU
		{A909FBE8-6987-4D36-9FC0-CB9C8342AE2D}.Release|Any CPU.ActiveCfg = Release|Any CPU
		{A909FBE8-6987-4D36-9FC0-CB9C8342AE2D}.Release|Any CPU.Build.0 = Release|Any CPU
	EndGlobalSection
	GlobalSection(SolutionProperties) = preSolution
		HideSolutionNode = FALSE
	EndGlobalSection
	GlobalSection(ExtensibilityGlobals) = postSolution
		SolutionGuid = {246A83D3-9A36-438F-AAC1-067FDBEDFA79}
	EndGlobalSection
EndGlobal
