
Microsoft Visual Studio Solution File, Format Version 12.00
# Visual Studio Version 17
VisualStudioVersion = 17.14.37027.9 d17.14
MinimumVisualStudioVersion = 10.0.40219.1
Project("{FAE04EC0-301F-11D3-BF4B-00C04F79EFBC}") = "6.20", "6.20\6.20.csproj", "{335B99F9-857A-4F70-B296-75307E96ED7D}"
EndProject
Global
	GlobalSection(SolutionConfigurationPlatforms) = preSolution
		Debug|Any CPU = Debug|Any CPU
		Release|Any CPU = Release|Any CPU
	EndGlobalSection
	GlobalSection(ProjectConfigurationPlatforms) = postSolution
		{335B99F9-857A-4F70-B296-75307E96ED7D}.Debug|Any CPU.ActiveCfg = Debug|Any CPU
		{335B99F9-857A-4F70-B296-75307E96ED7D}.Debug|Any CPU.Build.0 = Debug|Any CPU
		{335B99F9-857A-4F70-B296-75307E96ED7D}.Release|Any CPU.ActiveCfg = Release|Any CPU
		{335B99F9-857A-4F70-B296-75307E96ED7D}.Release|Any CPU.Build.0 = Release|Any CPU
	EndGlobalSection
	GlobalSection(SolutionProperties) = preSolution
		HideSolutionNode = FALSE
	EndGlobalSection
	GlobalSection(ExtensibilityGlobals) = postSolution
		SolutionGuid = {461E345A-88BB-4837-A973-715B4737D9BC}
	EndGlobalSection
EndGlobal
