
Microsoft Visual Studio Solution File, Format Version 12.00
# Visual Studio Version 17
VisualStudioVersion = 17.14.37027.9 d17.14
MinimumVisualStudioVersion = 10.0.40219.1
Project("{FAE04EC0-301F-11D3-BF4B-00C04F79EFBC}") = "3.12", "3.12\3.12.csproj", "{115212B2-A361-4520-8180-FE7399DB2C94}"
EndProject
Global
	GlobalSection(SolutionConfigurationPlatforms) = preSolution
		Debug|Any CPU = Debug|Any CPU
		Release|Any CPU = Release|Any CPU
	EndGlobalSection
	GlobalSection(ProjectConfigurationPlatforms) = postSolution
		{115212B2-A361-4520-8180-FE7399DB2C94}.Debug|Any CPU.ActiveCfg = Debug|Any CPU
		{115212B2-A361-4520-8180-FE7399DB2C94}.Debug|Any CPU.Build.0 = Debug|Any CPU
		{115212B2-A361-4520-8180-FE7399DB2C94}.Release|Any CPU.ActiveCfg = Release|Any CPU
		{115212B2-A361-4520-8180-FE7399DB2C94}.Release|Any CPU.Build.0 = Release|Any CPU
	EndGlobalSection
	GlobalSection(SolutionProperties) = preSolution
		HideSolutionNode = FALSE
	EndGlobalSection
	GlobalSection(ExtensibilityGlobals) = postSolution
		SolutionGuid = {7C7D350E-C838-4412-A9B2-20D6CBA15901}
	EndGlobalSection
EndGlobal
