
Microsoft Visual Studio Solution File, Format Version 12.00
# Visual Studio Version 17
VisualStudioVersion = 17.14.37027.9 d17.14
MinimumVisualStudioVersion = 10.0.40219.1
Project("{FAE04EC0-301F-11D3-BF4B-00C04F79EFBC}") = "5.10", "5.10\5.10.csproj", "{D5EAD3EE-A028-4353-8796-B31A99A784D5}"
EndProject
Global
	GlobalSection(SolutionConfigurationPlatforms) = preSolution
		Debug|Any CPU = Debug|Any CPU
		Release|Any CPU = Release|Any CPU
	EndGlobalSection
	GlobalSection(ProjectConfigurationPlatforms) = postSolution
		{D5EAD3EE-A028-4353-8796-B31A99A784D5}.Debug|Any CPU.ActiveCfg = Debug|Any CPU
		{D5EAD3EE-A028-4353-8796-B31A99A784D5}.Debug|Any CPU.Build.0 = Debug|Any CPU
		{D5EAD3EE-A028-4353-8796-B31A99A784D5}.Release|Any CPU.ActiveCfg = Release|Any CPU
		{D5EAD3EE-A028-4353-8796-B31A99A784D5}.Release|Any CPU.Build.0 = Release|Any CPU
	EndGlobalSection
	GlobalSection(SolutionProperties) = preSolution
		HideSolutionNode = FALSE
	EndGlobalSection
	GlobalSection(ExtensibilityGlobals) = postSolution
		SolutionGuid = {CBCD646C-397B-452E-B0B2-47DC59426F4D}
	EndGlobalSection
EndGlobal
