
Microsoft Visual Studio Solution File, Format Version 12.00
# Visual Studio Version 17
VisualStudioVersion = 17.14.37027.9 d17.14
MinimumVisualStudioVersion = 10.0.40219.1
Project("{FAE04EC0-301F-11D3-BF4B-00C04F79EFBC}") = "6.10", "6.10\6.10.csproj", "{5F9CD5C5-E7E1-4E31-AB5B-B7AD8582FCD3}"
EndProject
Global
	GlobalSection(SolutionConfigurationPlatforms) = preSolution
		Debug|Any CPU = Debug|Any CPU
		Release|Any CPU = Release|Any CPU
	EndGlobalSection
	GlobalSection(ProjectConfigurationPlatforms) = postSolution
		{5F9CD5C5-E7E1-4E31-AB5B-B7AD8582FCD3}.Debug|Any CPU.ActiveCfg = Debug|Any CPU
		{5F9CD5C5-E7E1-4E31-AB5B-B7AD8582FCD3}.Debug|Any CPU.Build.0 = Debug|Any CPU
		{5F9CD5C5-E7E1-4E31-AB5B-B7AD8582FCD3}.Release|Any CPU.ActiveCfg = Release|Any CPU
		{5F9CD5C5-E7E1-4E31-AB5B-B7AD8582FCD3}.Release|Any CPU.Build.0 = Release|Any CPU
	EndGlobalSection
	GlobalSection(SolutionProperties) = preSolution
		HideSolutionNode = FALSE
	EndGlobalSection
	GlobalSection(ExtensibilityGlobals) = postSolution
		SolutionGuid = {3B55048E-C1B4-4D89-B826-EC344AB8EAF6}
	EndGlobalSection
EndGlobal
