
Microsoft Visual Studio Solution File, Format Version 12.00
# Visual Studio Version 17
VisualStudioVersion = 17.14.37027.9 d17.14
MinimumVisualStudioVersion = 10.0.40219.1
Project("{FAE04EC0-301F-11D3-BF4B-00C04F79EFBC}") = "6.15", "6.15\6.15.csproj", "{CF8887B7-9E79-4D2A-954F-BE299636F775}"
EndProject
Global
	GlobalSection(SolutionConfigurationPlatforms) = preSolution
		Debug|Any CPU = Debug|Any CPU
		Release|Any CPU = Release|Any CPU
	EndGlobalSection
	GlobalSection(ProjectConfigurationPlatforms) = postSolution
		{CF8887B7-9E79-4D2A-954F-BE299636F775}.Debug|Any CPU.ActiveCfg = Debug|Any CPU
		{CF8887B7-9E79-4D2A-954F-BE299636F775}.Debug|Any CPU.Build.0 = Debug|Any CPU
		{CF8887B7-9E79-4D2A-954F-BE299636F775}.Release|Any CPU.ActiveCfg = Release|Any CPU
		{CF8887B7-9E79-4D2A-954F-BE299636F775}.Release|Any CPU.Build.0 = Release|Any CPU
	EndGlobalSection
	GlobalSection(SolutionProperties) = preSolution
		HideSolutionNode = FALSE
	EndGlobalSection
	GlobalSection(ExtensibilityGlobals) = postSolution
		SolutionGuid = {F0C99956-8229-48C4-B0D2-DE6C5C7A8B70}
	EndGlobalSection
EndGlobal
