
Microsoft Visual Studio Solution File, Format Version 12.00
# Visual Studio Version 17
VisualStudioVersion = 17.14.37027.9 d17.14
MinimumVisualStudioVersion = 10.0.40219.1
Project("{FAE04EC0-301F-11D3-BF4B-00C04F79EFBC}") = "4.1.5", "4.1.5\4.1.5.csproj", "{23164210-3787-4DF2-A5BC-8F813AE74645}"
EndProject
Global
	GlobalSection(SolutionConfigurationPlatforms) = preSolution
		Debug|Any CPU = Debug|Any CPU
		Release|Any CPU = Release|Any CPU
	EndGlobalSection
	GlobalSection(ProjectConfigurationPlatforms) = postSolution
		{23164210-3787-4DF2-A5BC-8F813AE74645}.Debug|Any CPU.ActiveCfg = Debug|Any CPU
		{23164210-3787-4DF2-A5BC-8F813AE74645}.Debug|Any CPU.Build.0 = Debug|Any CPU
		{23164210-3787-4DF2-A5BC-8F813AE74645}.Release|Any CPU.ActiveCfg = Release|Any CPU
		{23164210-3787-4DF2-A5BC-8F813AE74645}.Release|Any CPU.Build.0 = Release|Any CPU
	EndGlobalSection
	GlobalSection(SolutionProperties) = preSolution
		HideSolutionNode = FALSE
	EndGlobalSection
	GlobalSection(ExtensibilityGlobals) = postSolution
		SolutionGuid = {AE379A08-7E96-495F-84A5-7FAD63D3AEA4}
	EndGlobalSection
EndGlobal
