
Microsoft Visual Studio Solution File, Format Version 12.00
# Visual Studio Version 17
VisualStudioVersion = 17.14.37027.9 d17.14
MinimumVisualStudioVersion = 10.0.40219.1
Project("{FAE04EC0-301F-11D3-BF4B-00C04F79EFBC}") = "4.3.11", "4.3.11\4.3.11.csproj", "{ADF254D5-9F70-421C-9CB2-99B8EF14FDF5}"
EndProject
Global
	GlobalSection(SolutionConfigurationPlatforms) = preSolution
		Debug|Any CPU = Debug|Any CPU
		Release|Any CPU = Release|Any CPU
	EndGlobalSection
	GlobalSection(ProjectConfigurationPlatforms) = postSolution
		{ADF254D5-9F70-421C-9CB2-99B8EF14FDF5}.Debug|Any CPU.ActiveCfg = Debug|Any CPU
		{ADF254D5-9F70-421C-9CB2-99B8EF14FDF5}.Debug|Any CPU.Build.0 = Debug|Any CPU
		{ADF254D5-9F70-421C-9CB2-99B8EF14FDF5}.Release|Any CPU.ActiveCfg = Release|Any CPU
		{ADF254D5-9F70-421C-9CB2-99B8EF14FDF5}.Release|Any CPU.Build.0 = Release|Any CPU
	EndGlobalSection
	GlobalSection(SolutionProperties) = preSolution
		HideSolutionNode = FALSE
	EndGlobalSection
	GlobalSection(ExtensibilityGlobals) = postSolution
		SolutionGuid = {E72626BC-B9B0-44D9-850B-2BC8751E24DC}
	EndGlobalSection
EndGlobal
