
Microsoft Visual Studio Solution File, Format Version 12.00
# Visual Studio Version 17
VisualStudioVersion = 17.14.37027.9 d17.14
MinimumVisualStudioVersion = 10.0.40219.1
Project("{FAE04EC0-301F-11D3-BF4B-00C04F79EFBC}") = "5.16", "5.16\5.16.csproj", "{B5FF7645-F39D-4B5C-87AA-5384774155F2}"
EndProject
Global
	GlobalSection(SolutionConfigurationPlatforms) = preSolution
		Debug|Any CPU = Debug|Any CPU
		Release|Any CPU = Release|Any CPU
	EndGlobalSection
	GlobalSection(ProjectConfigurationPlatforms) = postSolution
		{B5FF7645-F39D-4B5C-87AA-5384774155F2}.Debug|Any CPU.ActiveCfg = Debug|Any CPU
		{B5FF7645-F39D-4B5C-87AA-5384774155F2}.Debug|Any CPU.Build.0 = Debug|Any CPU
		{B5FF7645-F39D-4B5C-87AA-5384774155F2}.Release|Any CPU.ActiveCfg = Release|Any CPU
		{B5FF7645-F39D-4B5C-87AA-5384774155F2}.Release|Any CPU.Build.0 = Release|Any CPU
	EndGlobalSection
	GlobalSection(SolutionProperties) = preSolution
		HideSolutionNode = FALSE
	EndGlobalSection
	GlobalSection(ExtensibilityGlobals) = postSolution
		SolutionGuid = {C5B000A1-C6EF-43B0-8FB2-DA23E31EC8C3}
	EndGlobalSection
EndGlobal
