
Microsoft Visual Studio Solution File, Format Version 12.00
# Visual Studio Version 17
VisualStudioVersion = 17.14.37027.9 d17.14
MinimumVisualStudioVersion = 10.0.40219.1
Project("{FAE04EC0-301F-11D3-BF4B-00C04F79EFBC}") = "5.25", "5.25\5.25.csproj", "{9EDD5453-F38F-49E9-B1DB-B39023026804}"
EndProject
Global
	GlobalSection(SolutionConfigurationPlatforms) = preSolution
		Debug|Any CPU = Debug|Any CPU
		Release|Any CPU = Release|Any CPU
	EndGlobalSection
	GlobalSection(ProjectConfigurationPlatforms) = postSolution
		{9EDD5453-F38F-49E9-B1DB-B39023026804}.Debug|Any CPU.ActiveCfg = Debug|Any CPU
		{9EDD5453-F38F-49E9-B1DB-B39023026804}.Debug|Any CPU.Build.0 = Debug|Any CPU
		{9EDD5453-F38F-49E9-B1DB-B39023026804}.Release|Any CPU.ActiveCfg = Release|Any CPU
		{9EDD5453-F38F-49E9-B1DB-B39023026804}.Release|Any CPU.Build.0 = Release|Any CPU
	EndGlobalSection
	GlobalSection(SolutionProperties) = preSolution
		HideSolutionNode = FALSE
	EndGlobalSection
	GlobalSection(ExtensibilityGlobals) = postSolution
		SolutionGuid = {4F5C5B77-7CCA-458C-A83B-EBE1AE93223C}
	EndGlobalSection
EndGlobal
