
Microsoft Visual Studio Solution File, Format Version 12.00
# Visual Studio Version 17
VisualStudioVersion = 17.14.37027.9 d17.14
MinimumVisualStudioVersion = 10.0.40219.1
Project("{FAE04EC0-301F-11D3-BF4B-00C04F79EFBC}") = "6.2", "6.2\6.2.csproj", "{FF171D0A-2DD7-4C00-BDD3-2DFE9FA726DC}"
EndProject
Global
	GlobalSection(SolutionConfigurationPlatforms) = preSolution
		Debug|Any CPU = Debug|Any CPU
		Release|Any CPU = Release|Any CPU
	EndGlobalSection
	GlobalSection(ProjectConfigurationPlatforms) = postSolution
		{FF171D0A-2DD7-4C00-BDD3-2DFE9FA726DC}.Debug|Any CPU.ActiveCfg = Debug|Any CPU
		{FF171D0A-2DD7-4C00-BDD3-2DFE9FA726DC}.Debug|Any CPU.Build.0 = Debug|Any CPU
		{FF171D0A-2DD7-4C00-BDD3-2DFE9FA726DC}.Release|Any CPU.ActiveCfg = Release|Any CPU
		{FF171D0A-2DD7-4C00-BDD3-2DFE9FA726DC}.Release|Any CPU.Build.0 = Release|Any CPU
	EndGlobalSection
	GlobalSection(SolutionProperties) = preSolution
		HideSolutionNode = FALSE
	EndGlobalSection
	GlobalSection(ExtensibilityGlobals) = postSolution
		SolutionGuid = {3D9525AD-948B-4BAE-96BF-51BA503B8C2B}
	EndGlobalSection
EndGlobal
