
Microsoft Visual Studio Solution File, Format Version 12.00
# Visual Studio Version 17
VisualStudioVersion = 17.14.37027.9 d17.14
MinimumVisualStudioVersion = 10.0.40219.1
Project("{FAE04EC0-301F-11D3-BF4B-00C04F79EFBC}") = "4.3.1", "4.3.1\4.3.1.csproj", "{46AA84C4-5E2F-4946-AA20-B1A792508FB9}"
EndProject
Global
	GlobalSection(SolutionConfigurationPlatforms) = preSolution
		Debug|Any CPU = Debug|Any CPU
		Release|Any CPU = Release|Any CPU
	EndGlobalSection
	GlobalSection(ProjectConfigurationPlatforms) = postSolution
		{46AA84C4-5E2F-4946-AA20-B1A792508FB9}.Debug|Any CPU.ActiveCfg = Debug|Any CPU
		{46AA84C4-5E2F-4946-AA20-B1A792508FB9}.Debug|Any CPU.Build.0 = Debug|Any CPU
		{46AA84C4-5E2F-4946-AA20-B1A792508FB9}.Release|Any CPU.ActiveCfg = Release|Any CPU
		{46AA84C4-5E2F-4946-AA20-B1A792508FB9}.Release|Any CPU.Build.0 = Release|Any CPU
	EndGlobalSection
	GlobalSection(SolutionProperties) = preSolution
		HideSolutionNode = FALSE
	EndGlobalSection
	GlobalSection(ExtensibilityGlobals) = postSolution
		SolutionGuid = {AACADCD5-2CF8-4726-A02C-912C0EC1E7C9}
	EndGlobalSection
EndGlobal
