
Microsoft Visual Studio Solution File, Format Version 12.00
# Visual Studio Version 17
VisualStudioVersion = 17.14.37027.9 d17.14
MinimumVisualStudioVersion = 10.0.40219.1
Project("{FAE04EC0-301F-11D3-BF4B-00C04F79EFBC}") = "4.3.10", "4.3.10\4.3.10.csproj", "{715B4063-CACD-48AB-92FB-AD6C9698E23A}"
EndProject
Global
	GlobalSection(SolutionConfigurationPlatforms) = preSolution
		Debug|Any CPU = Debug|Any CPU
		Release|Any CPU = Release|Any CPU
	EndGlobalSection
	GlobalSection(ProjectConfigurationPlatforms) = postSolution
		{715B4063-CACD-48AB-92FB-AD6C9698E23A}.Debug|Any CPU.ActiveCfg = Debug|Any CPU
		{715B4063-CACD-48AB-92FB-AD6C9698E23A}.Debug|Any CPU.Build.0 = Debug|Any CPU
		{715B4063-CACD-48AB-92FB-AD6C9698E23A}.Release|Any CPU.ActiveCfg = Release|Any CPU
		{715B4063-CACD-48AB-92FB-AD6C9698E23A}.Release|Any CPU.Build.0 = Release|Any CPU
	EndGlobalSection
	GlobalSection(SolutionProperties) = preSolution
		HideSolutionNode = FALSE
	EndGlobalSection
	GlobalSection(ExtensibilityGlobals) = postSolution
		SolutionGuid = {A6CE3014-BADE-434B-8CA8-78EF6003589E}
	EndGlobalSection
EndGlobal
