
Microsoft Visual Studio Solution File, Format Version 12.00
# Visual Studio Version 17
VisualStudioVersion = 17.14.37027.9 d17.14
MinimumVisualStudioVersion = 10.0.40219.1
Project("{FAE04EC0-301F-11D3-BF4B-00C04F79EFBC}") = "3.1", "3.1\3.1.csproj", "{B2A47C43-99BE-43DE-B686-B7CD5270FFB6}"
EndProject
Global
	GlobalSection(SolutionConfigurationPlatforms) = preSolution
		Debug|Any CPU = Debug|Any CPU
		Release|Any CPU = Release|Any CPU
	EndGlobalSection
	GlobalSection(ProjectConfigurationPlatforms) = postSolution
		{B2A47C43-99BE-43DE-B686-B7CD5270FFB6}.Debug|Any CPU.ActiveCfg = Debug|Any CPU
		{B2A47C43-99BE-43DE-B686-B7CD5270FFB6}.Debug|Any CPU.Build.0 = Debug|Any CPU
		{B2A47C43-99BE-43DE-B686-B7CD5270FFB6}.Release|Any CPU.ActiveCfg = Release|Any CPU
		{B2A47C43-99BE-43DE-B686-B7CD5270FFB6}.Release|Any CPU.Build.0 = Release|Any CPU
	EndGlobalSection
	GlobalSection(SolutionProperties) = preSolution
		HideSolutionNode = FALSE
	EndGlobalSection
	GlobalSection(ExtensibilityGlobals) = postSolution
		SolutionGuid = {6348CA68-A9DA-44ED-92D9-16ABEDAEFF2E}
	EndGlobalSection
EndGlobal
